
Microsoft Visual Studio Solution File, Format Version 12.00
# Visual Studio Version 17
VisualStudioVersion = 17.0.31903.59
MinimumVisualStudioVersion = 10.0.40219.1
Project("{FAE04EC0-301F-11D3-BF4B-00C04F79EFBC}") = "Domain", "Domain\Domain.csproj", "{307B8FEF-E77E-4478-A463-97735780177F}"
EndProject
Project("{FAE04EC0-301F-11D3-BF4B-00C04F79EFBC}") = "Application", "Application\Application.csproj", "{28853D0D-FB97-4962-BE13-46CB94F1D659}"
EndProject
Project("{FAE04EC0-301F-11D3-BF4B-00C04F79EFBC}") = "Persistence", "Persistence\Persistence.csproj", "{7A80D5AE-065F-4810-98D9-219F17241219}"
EndProject
Project("{FAE04EC0-301F-11D3-BF4B-00C04F79EFBC}") = "API", "API\API.csproj", "{7369FE7C-FF6E-4336-B06A-90DCF2B98B6E}"
EndProject
Global
	GlobalSection(SolutionConfigurationPlatforms) = preSolution
		Debug|Any CPU = Debug|Any CPU
		Release|Any CPU = Release|Any CPU
	EndGlobalSection
	GlobalSection(SolutionProperties) = preSolution
		HideSolutionNode = FALSE
	EndGlobalSection
	GlobalSection(ProjectConfigurationPlatforms) = postSolution
		{307B8FEF-E77E-4478-A463-97735780177F}.Debug|Any CPU.ActiveCfg = Debug|Any CPU
		{307B8FEF-E77E-4478-A463-97735780177F}.Debug|Any CPU.Build.0 = Debug|Any CPU
		{307B8FEF-E77E-4478-A463-97735780177F}.Release|Any CPU.ActiveCfg = Release|Any CPU
		{307B8FEF-E77E-4478-A463-97735780177F}.Release|Any CPU.Build.0 = Release|Any CPU
		{28853D0D-FB97-4962-BE13-46CB94F1D659}.Debug|Any CPU.ActiveCfg = Debug|Any CPU
		{28853D0D-FB97-4962-BE13-46CB94F1D659}.Debug|Any CPU.Build.0 = Debug|Any CPU
		{28853D0D-FB97-4962-BE13-46CB94F1D659}.Release|Any CPU.ActiveCfg = Release|Any CPU
		{28853D0D-FB97-4962-BE13-46CB94F1D659}.Release|Any CPU.Build.0 = Release|Any CPU
		{7A80D5AE-065F-4810-98D9-219F17241219}.Debug|Any CPU.ActiveCfg = Debug|Any CPU
		{7A80D5AE-065F-4810-98D9-219F17241219}.Debug|Any CPU.Build.0 = Debug|Any CPU
		{7A80D5AE-065F-4810-98D9-219F17241219}.Release|Any CPU.ActiveCfg = Release|Any CPU
		{7A80D5AE-065F-4810-98D9-219F17241219}.Release|Any CPU.Build.0 = Release|Any CPU
		{7369FE7C-FF6E-4336-B06A-90DCF2B98B6E}.Debug|Any CPU.ActiveCfg = Debug|Any CPU
		{7369FE7C-FF6E-4336-B06A-90DCF2B98B6E}.Debug|Any CPU.Build.0 = Debug|Any CPU
		{7369FE7C-FF6E-4336-B06A-90DCF2B98B6E}.Release|Any CPU.ActiveCfg = Release|Any CPU
		{7369FE7C-FF6E-4336-B06A-90DCF2B98B6E}.Release|Any CPU.Build.0 = Release|Any CPU
	EndGlobalSection
EndGlobal
